
Microsoft Visual Studio Solution File, Format Version 12.00
# Visual Studio Version 17
VisualStudioVersion = 17.13.35825.156 d17.13
MinimumVisualStudioVersion = 10.0.40219.1
Project("{FAE04EC0-301F-11D3-BF4B-00C04F79EFBC}") = "DateManagement", "DateManagement.csproj", "{B6646EFB-F515-4FD0-8AD1-9E2908E2BB97}"
EndProject
Global
	GlobalSection(SolutionConfigurationPlatforms) = preSolution
		Debug|Any CPU = Debug|Any CPU
		Release|Any CPU = Release|Any CPU
	EndGlobalSection
	GlobalSection(ProjectConfigurationPlatforms) = postSolution
		{B6646EFB-F515-4FD0-8AD1-9E2908E2BB97}.Debug|Any CPU.ActiveCfg = Debug|Any CPU
		{B6646EFB-F515-4FD0-8AD1-9E2908E2BB97}.Debug|Any CPU.Build.0 = Debug|Any CPU
		{B6646EFB-F515-4FD0-8AD1-9E2908E2BB97}.Release|Any CPU.ActiveCfg = Release|Any CPU
		{B6646EFB-F515-4FD0-8AD1-9E2908E2BB97}.Release|Any CPU.Build.0 = Release|Any CPU
	EndGlobalSection
	GlobalSection(SolutionProperties) = preSolution
		HideSolutionNode = FALSE
	EndGlobalSection
	GlobalSection(ExtensibilityGlobals) = postSolution
		SolutionGuid = {959E4396-8D60-4BAC-92A8-9D24B46E913D}
	EndGlobalSection
EndGlobal
